
Microsoft Visual Studio Solution File, Format Version 12.00
# Visual Studio 15
VisualStudioVersion = 15.0.26228.9
MinimumVisualStudioVersion = 10.0.40219.1
Project("{9A19103F-16F7-4668-BE54-9A1E7A4F7556}") = "DAL", "DAL\DAL.csproj", "{732461E9-5D33-4934-BA7D-2E840DA1881E}"
EndProject
Project("{9A19103F-16F7-4668-BE54-9A1E7A4F7556}") = "Model", "Model\Model.csproj", "{495E8573-A361-4CCC-8054-37328FD0FBBC}"
EndProject
Project("{9A19103F-16F7-4668-BE54-9A1E7A4F7556}") = "Web", "Web\Web.csproj", "{38FA0144-197D-4284-86C2-7EEE2008C4F3}"
EndProject
Project("{FAE04EC0-301F-11D3-BF4B-00C04F79EFBC}") = "Common", "Common\Common.csproj", "{F8F3AF79-FC6C-4102-949C-F5E772AD8BE4}"
EndProject
Project("{FAE04EC0-301F-11D3-BF4B-00C04F79EFBC}") = "EfSearchModel", "EfSearchModel\EfSearchModel.csproj", "{13709DFB-D190-4711-8A28-D2CA389D2C4E}"
EndProject
Global
	GlobalSection(SolutionConfigurationPlatforms) = preSolution
		Debug|Any CPU = Debug|Any CPU
		Release|Any CPU = Release|Any CPU
	EndGlobalSection
	GlobalSection(ProjectConfigurationPlatforms) = postSolution
		{732461E9-5D33-4934-BA7D-2E840DA1881E}.Debug|Any CPU.ActiveCfg = Debug|Any CPU
		{732461E9-5D33-4934-BA7D-2E840DA1881E}.Debug|Any CPU.Build.0 = Debug|Any CPU
		{732461E9-5D33-4934-BA7D-2E840DA1881E}.Release|Any CPU.ActiveCfg = Release|Any CPU
		{732461E9-5D33-4934-BA7D-2E840DA1881E}.Release|Any CPU.Build.0 = Release|Any CPU
		{495E8573-A361-4CCC-8054-37328FD0FBBC}.Debug|Any CPU.ActiveCfg = Debug|Any CPU
		{495E8573-A361-4CCC-8054-37328FD0FBBC}.Debug|Any CPU.Build.0 = Debug|Any CPU
		{495E8573-A361-4CCC-8054-37328FD0FBBC}.Release|Any CPU.ActiveCfg = Release|Any CPU
		{495E8573-A361-4CCC-8054-37328FD0FBBC}.Release|Any CPU.Build.0 = Release|Any CPU
		{38FA0144-197D-4284-86C2-7EEE2008C4F3}.Debug|Any CPU.ActiveCfg = Debug|Any CPU
		{38FA0144-197D-4284-86C2-7EEE2008C4F3}.Debug|Any CPU.Build.0 = Debug|Any CPU
		{38FA0144-197D-4284-86C2-7EEE2008C4F3}.Release|Any CPU.ActiveCfg = Release|Any CPU
		{38FA0144-197D-4284-86C2-7EEE2008C4F3}.Release|Any CPU.Build.0 = Release|Any CPU
		{F8F3AF79-FC6C-4102-949C-F5E772AD8BE4}.Debug|Any CPU.ActiveCfg = Debug|Any CPU
		{F8F3AF79-FC6C-4102-949C-F5E772AD8BE4}.Debug|Any CPU.Build.0 = Debug|Any CPU
		{F8F3AF79-FC6C-4102-949C-F5E772AD8BE4}.Release|Any CPU.ActiveCfg = Release|Any CPU
		{F8F3AF79-FC6C-4102-949C-F5E772AD8BE4}.Release|Any CPU.Build.0 = Release|Any CPU
		{13709DFB-D190-4711-8A28-D2CA389D2C4E}.Debug|Any CPU.ActiveCfg = Debug|Any CPU
		{13709DFB-D190-4711-8A28-D2CA389D2C4E}.Debug|Any CPU.Build.0 = Debug|Any CPU
		{13709DFB-D190-4711-8A28-D2CA389D2C4E}.Release|Any CPU.ActiveCfg = Release|Any CPU
		{13709DFB-D190-4711-8A28-D2CA389D2C4E}.Release|Any CPU.Build.0 = Release|Any CPU
	EndGlobalSection
	GlobalSection(SolutionProperties) = preSolution
		HideSolutionNode = FALSE
	EndGlobalSection
EndGlobal
